
Microsoft Visual Studio Solution File, Format Version 12.00
# Visual Studio Version 16
VisualStudioVersion = 16.0.29920.165
MinimumVisualStudioVersion = 10.0.40219.1
Project("{FAE04EC0-301F-11D3-BF4B-00C04F79EFBC}") = "SparkAuto", "SparkAuto\SparkAuto.csproj", "{013909A5-53EF-45D8-AC9F-9B22ED6910D5}"
EndProject
Global
	GlobalSection(SolutionConfigurationPlatforms) = preSolution
		Debug|Any CPU = Debug|Any CPU
		Release|Any CPU = Release|Any CPU
	EndGlobalSection
	GlobalSection(ProjectConfigurationPlatforms) = postSolution
		{013909A5-53EF-45D8-AC9F-9B22ED6910D5}.Debug|Any CPU.ActiveCfg = Debug|Any CPU
		{013909A5-53EF-45D8-AC9F-9B22ED6910D5}.Debug|Any CPU.Build.0 = Debug|Any CPU
		{013909A5-53EF-45D8-AC9F-9B22ED6910D5}.Release|Any CPU.ActiveCfg = Release|Any CPU
		{013909A5-53EF-45D8-AC9F-9B22ED6910D5}.Release|Any CPU.Build.0 = Release|Any CPU
	EndGlobalSection
	GlobalSection(SolutionProperties) = preSolution
		HideSolutionNode = FALSE
	EndGlobalSection
	GlobalSection(ExtensibilityGlobals) = postSolution
		SolutionGuid = {1F30C930-2BFF-4F98-9E42-2DF3FB51A944}
	EndGlobalSection
EndGlobal
